
Microsoft Visual Studio Solution File, Format Version 12.00
# Visual Studio 14
VisualStudioVersion = 14.0.25123.0
MinimumVisualStudioVersion = 10.0.40219.1
Project("{8BC9CEB8-8B4A-11D0-8D11-00A0C91BC942}") = "StepperControl", "StepperControl.vcxproj", "{C5F80730-F44F-4478-BDAE-6634EFC2CA88}"
EndProject
Project("{8BC9CEB8-8B4A-11D0-8D11-00A0C91BC942}") = "SpeedTester", "examples\SpeedTester\SpeedTester.vcxproj", "{82DDEF80-7B24-4088-861C-824F6756FD3C}"
EndProject
Project("{8BC9CEB8-8B4A-11D0-8D11-00A0C91BC942}") = "StepperTest", "examples\StepperTest\StepperTest.vcxproj", "{0CE885B2-F245-4FD6-A38A-8E27995B1837}"
EndProject
Global
	GlobalSection(SolutionConfigurationPlatforms) = preSolution
		Debug|x86 = Debug|x86
		Release|x86 = Release|x86
	EndGlobalSection
	GlobalSection(ProjectConfigurationPlatforms) = postSolution
		{C5F80730-F44F-4478-BDAE-6634EFC2CA88}.Debug|x86.ActiveCfg = Debug|Win32
		{C5F80730-F44F-4478-BDAE-6634EFC2CA88}.Debug|x86.Build.0 = Debug|Win32
		{C5F80730-F44F-4478-BDAE-6634EFC2CA88}.Release|x86.ActiveCfg = Release|Win32
		{C5F80730-F44F-4478-BDAE-6634EFC2CA88}.Release|x86.Build.0 = Release|Win32
		{82DDEF80-7B24-4088-861C-824F6756FD3C}.Debug|x86.ActiveCfg = Debug|Win32
		{82DDEF80-7B24-4088-861C-824F6756FD3C}.Debug|x86.Build.0 = Debug|Win32
		{82DDEF80-7B24-4088-861C-824F6756FD3C}.Release|x86.ActiveCfg = Release|Win32
		{82DDEF80-7B24-4088-861C-824F6756FD3C}.Release|x86.Build.0 = Release|Win32
		{0CE885B2-F245-4FD6-A38A-8E27995B1837}.Debug|x86.ActiveCfg = Debug|Win32
		{0CE885B2-F245-4FD6-A38A-8E27995B1837}.Debug|x86.Build.0 = Debug|Win32
		{0CE885B2-F245-4FD6-A38A-8E27995B1837}.Release|x86.ActiveCfg = Release|Win32
		{0CE885B2-F245-4FD6-A38A-8E27995B1837}.Release|x86.Build.0 = Release|Win32
	EndGlobalSection
	GlobalSection(SolutionProperties) = preSolution
		HideSolutionNode = FALSE
	EndGlobalSection
EndGlobal
