
Microsoft Visual Studio Solution File, Format Version 12.00
# Visual Studio 15
VisualStudioVersion = 15.0.27130.2027
MinimumVisualStudioVersion = 10.0.40219.1
Project("{FAE04EC0-301F-11D3-BF4B-00C04F79EFBC}") = "ControllerCNC", "ControllerCNC\ControllerCNC.csproj", "{BDF528A3-CD7A-49F5-8CA7-F3E49EB9FD90}"
EndProject
Project("{FAE04EC0-301F-11D3-BF4B-00C04F79EFBC}") = "MillingRouter3D", "MillingRouter3D\MillingRouter3D.csproj", "{323B689D-17BB-44CB-B8D1-50975FCB169E}"
EndProject
Project("{FAE04EC0-301F-11D3-BF4B-00C04F79EFBC}") = "GeometryCNC", "GeometryCNC\GeometryCNC.csproj", "{3797E233-15FE-453F-A2D0-4F29EB0ACDDC}"
EndProject
Project("{FAE04EC0-301F-11D3-BF4B-00C04F79EFBC}") = "GeometryCNC_Demo", "GeometryCNC_Demo\GeometryCNC_Demo.csproj", "{47D818CD-ECD9-43C7-B7C6-A18E5AF0F552}"
EndProject
Global
	GlobalSection(SolutionConfigurationPlatforms) = preSolution
		Debug|Any CPU = Debug|Any CPU
		Release|Any CPU = Release|Any CPU
	EndGlobalSection
	GlobalSection(ProjectConfigurationPlatforms) = postSolution
		{BDF528A3-CD7A-49F5-8CA7-F3E49EB9FD90}.Debug|Any CPU.ActiveCfg = Debug|Any CPU
		{BDF528A3-CD7A-49F5-8CA7-F3E49EB9FD90}.Debug|Any CPU.Build.0 = Debug|Any CPU
		{BDF528A3-CD7A-49F5-8CA7-F3E49EB9FD90}.Release|Any CPU.ActiveCfg = Release|Any CPU
		{BDF528A3-CD7A-49F5-8CA7-F3E49EB9FD90}.Release|Any CPU.Build.0 = Release|Any CPU
		{323B689D-17BB-44CB-B8D1-50975FCB169E}.Debug|Any CPU.ActiveCfg = Debug|Any CPU
		{323B689D-17BB-44CB-B8D1-50975FCB169E}.Debug|Any CPU.Build.0 = Debug|Any CPU
		{323B689D-17BB-44CB-B8D1-50975FCB169E}.Release|Any CPU.ActiveCfg = Release|Any CPU
		{323B689D-17BB-44CB-B8D1-50975FCB169E}.Release|Any CPU.Build.0 = Release|Any CPU
		{3797E233-15FE-453F-A2D0-4F29EB0ACDDC}.Debug|Any CPU.ActiveCfg = Debug|Any CPU
		{3797E233-15FE-453F-A2D0-4F29EB0ACDDC}.Debug|Any CPU.Build.0 = Debug|Any CPU
		{3797E233-15FE-453F-A2D0-4F29EB0ACDDC}.Release|Any CPU.ActiveCfg = Release|Any CPU
		{3797E233-15FE-453F-A2D0-4F29EB0ACDDC}.Release|Any CPU.Build.0 = Release|Any CPU
		{47D818CD-ECD9-43C7-B7C6-A18E5AF0F552}.Debug|Any CPU.ActiveCfg = Debug|Any CPU
		{47D818CD-ECD9-43C7-B7C6-A18E5AF0F552}.Debug|Any CPU.Build.0 = Debug|Any CPU
		{47D818CD-ECD9-43C7-B7C6-A18E5AF0F552}.Release|Any CPU.ActiveCfg = Release|Any CPU
		{47D818CD-ECD9-43C7-B7C6-A18E5AF0F552}.Release|Any CPU.Build.0 = Release|Any CPU
	EndGlobalSection
	GlobalSection(SolutionProperties) = preSolution
		HideSolutionNode = FALSE
	EndGlobalSection
	GlobalSection(ExtensibilityGlobals) = postSolution
		SolutionGuid = {EF9C0875-7D88-4015-834D-565DB9D696EF}
	EndGlobalSection
EndGlobal
